
Microsoft Visual Studio Solution File, Format Version 12.00
# Visual Studio 15
VisualStudioVersion = 15.0.27703.2042
MinimumVisualStudioVersion = 10.0.40219.1
Project("{9A19103F-16F7-4668-BE54-9A1E7A4F7556}") = "Lab1", "Lab1\Lab1.csproj", "{FAC8FF2E-2174-472D-9C2B-548FA53BCC91}"
EndProject
Project("{FAE04EC0-301F-11D3-BF4B-00C04F79EFBC}") = "Tests", "Tests\Tests.csproj", "{D5EBC016-E997-419E-8B28-900578055D9B}"
EndProject
Project("{FAE04EC0-301F-11D3-BF4B-00C04F79EFBC}") = "webapp", "webapp\webapp.csproj", "{BBB5C836-1D03-42E7-A7AA-94012831583C}"
EndProject
Project("{E53339B2-1760-4266-BCC7-CA923CBCF16C}") = "docker-compose", "docker-compose.dcproj", "{0875B612-7D53-43F1-BBAC-C4DDA6329A8E}"
EndProject
Global
	GlobalSection(SolutionConfigurationPlatforms) = preSolution
		Debug|Any CPU = Debug|Any CPU
		Release|Any CPU = Release|Any CPU
	EndGlobalSection
	GlobalSection(ProjectConfigurationPlatforms) = postSolution
		{FAC8FF2E-2174-472D-9C2B-548FA53BCC91}.Debug|Any CPU.ActiveCfg = Debug|Any CPU
		{FAC8FF2E-2174-472D-9C2B-548FA53BCC91}.Debug|Any CPU.Build.0 = Debug|Any CPU
		{FAC8FF2E-2174-472D-9C2B-548FA53BCC91}.Release|Any CPU.ActiveCfg = Release|Any CPU
		{FAC8FF2E-2174-472D-9C2B-548FA53BCC91}.Release|Any CPU.Build.0 = Release|Any CPU
		{D5EBC016-E997-419E-8B28-900578055D9B}.Debug|Any CPU.ActiveCfg = Debug|Any CPU
		{D5EBC016-E997-419E-8B28-900578055D9B}.Debug|Any CPU.Build.0 = Debug|Any CPU
		{D5EBC016-E997-419E-8B28-900578055D9B}.Release|Any CPU.ActiveCfg = Release|Any CPU
		{D5EBC016-E997-419E-8B28-900578055D9B}.Release|Any CPU.Build.0 = Release|Any CPU
		{BBB5C836-1D03-42E7-A7AA-94012831583C}.Debug|Any CPU.ActiveCfg = Debug|Any CPU
		{BBB5C836-1D03-42E7-A7AA-94012831583C}.Debug|Any CPU.Build.0 = Debug|Any CPU
		{BBB5C836-1D03-42E7-A7AA-94012831583C}.Release|Any CPU.ActiveCfg = Release|Any CPU
		{BBB5C836-1D03-42E7-A7AA-94012831583C}.Release|Any CPU.Build.0 = Release|Any CPU
		{0875B612-7D53-43F1-BBAC-C4DDA6329A8E}.Debug|Any CPU.ActiveCfg = Debug|Any CPU
		{0875B612-7D53-43F1-BBAC-C4DDA6329A8E}.Debug|Any CPU.Build.0 = Debug|Any CPU
		{0875B612-7D53-43F1-BBAC-C4DDA6329A8E}.Release|Any CPU.ActiveCfg = Release|Any CPU
		{0875B612-7D53-43F1-BBAC-C4DDA6329A8E}.Release|Any CPU.Build.0 = Release|Any CPU
	EndGlobalSection
	GlobalSection(SolutionProperties) = preSolution
		HideSolutionNode = FALSE
	EndGlobalSection
	GlobalSection(ExtensibilityGlobals) = postSolution
		SolutionGuid = {D8450EE6-DC19-43B1-B54F-829D013C908B}
	EndGlobalSection
EndGlobal
